github.com/Chamundsen/funtemps v0.0.0-20230307141928-adf64f599131 h1:2GW4nFIazwks5e7pJv2vWl/H13SxQm+22YqyiZNnXu8=
github.com/Chamundsen/funtemps v0.0.0-20230307141928-adf64f599131/go.mod h1:n1y15SHx8wu2HKHiQJ5+Z4a4ENlTO6kjkC2SkTXF58o=
github.com/Chamundsen/is105sem03 v0.0.0-20230502130918-c2474858ea15 h1:SpHrQeONwR85HrvuKwYenJRjCmeORSWYOrppGD5PvVE=
github.com/Chamundsen/is105sem03 v0.0.0-20230502130918-c2474858ea15/go.mod h1:D+brOya3eH1WMyoK+cthYMpaRZPZAQ/7I9RZDGOuc/s=
github.com/Chamundsen/minyr v0.0.0-20230412114017-b1959bbac2f1 h1:na3a9EaSf4jAOPt6VhB5GE9Z7herRGShf/LJwLxBdjI=
github.com/Chamundsen/minyr v0.0.0-20230412114017-b1959bbac2f1/go.mod h1:ODKNbgrl4JjV3rNzdm2ZhMc1eylTggh+sKxiagiWwrI=
